
Microsoft Visual Studio Solution File, Format Version 12.00
# Visual Studio Version 16
VisualStudioVersion = 16.0.29403.142
MinimumVisualStudioVersion = 10.0.40219.1
Project("{FAE04EC0-301F-11D3-BF4B-00C04F79EFBC}") = "TelegramBot", "TelegramBot\TelegramBot.csproj", "{28F5EB45-5BDB-4A33-9B98-48C2508DE6E3}"
EndProject
Global
	GlobalSection(SolutionConfigurationPlatforms) = preSolution
		Debug|Any CPU = Debug|Any CPU
		Release|Any CPU = Release|Any CPU
	EndGlobalSection
	GlobalSection(ProjectConfigurationPlatforms) = postSolution
		{28F5EB45-5BDB-4A33-9B98-48C2508DE6E3}.Debug|Any CPU.ActiveCfg = Debug|Any CPU
		{28F5EB45-5BDB-4A33-9B98-48C2508DE6E3}.Debug|Any CPU.Build.0 = Debug|Any CPU
		{28F5EB45-5BDB-4A33-9B98-48C2508DE6E3}.Release|Any CPU.ActiveCfg = Release|Any CPU
		{28F5EB45-5BDB-4A33-9B98-48C2508DE6E3}.Release|Any CPU.Build.0 = Release|Any CPU
	EndGlobalSection
	GlobalSection(SolutionProperties) = preSolution
		HideSolutionNode = FALSE
	EndGlobalSection
	GlobalSection(ExtensibilityGlobals) = postSolution
		SolutionGuid = {B5E8F63C-5335-4AEA-9CE4-D9F5DC22AA6C}
	EndGlobalSection
EndGlobal
